
Microsoft Visual Studio Solution File, Format Version 12.00
# Visual Studio Version 16
VisualStudioVersion = 16.0.31424.327
MinimumVisualStudioVersion = 10.0.40219.1
Project("{2150E333-8FDC-42A3-9474-1A3956D46DE8}") = "Services", "Services", "{DED27892-937A-4E50-BC40-1F9ABACBE88D}"
EndProject
Project("{2150E333-8FDC-42A3-9474-1A3956D46DE8}") = "WebApps", "WebApps", "{50331F89-7EAE-4664-9FB7-DE3C858B106F}"
EndProject
Project("{2150E333-8FDC-42A3-9474-1A3956D46DE8}") = "Cadastros", "Cadastros", "{65BDC208-26B2-4492-8334-8C719846B006}"
EndProject
Project("{2150E333-8FDC-42A3-9474-1A3956D46DE8}") = "Catalogo", "Catalogo", "{2EB8B892-74B3-4805-B510-5667C88EBB5B}"
EndProject
Project("{2150E333-8FDC-42A3-9474-1A3956D46DE8}") = "Core", "Core", "{B7A63BCD-F1B3-4C5E-8CF2-582B2AC65685}"
EndProject
Project("{2150E333-8FDC-42A3-9474-1A3956D46DE8}") = "Fiscal", "Fiscal", "{0B4DB19E-6CB4-4C6F-A173-80818BE8E258}"
EndProject
Project("{2150E333-8FDC-42A3-9474-1A3956D46DE8}") = "Pagamentos", "Pagamentos", "{49AB8CEC-B1E5-4BF4-970A-63F07CD67A1F}"
EndProject
Project("{2150E333-8FDC-42A3-9474-1A3956D46DE8}") = "Vendas", "Vendas", "{EC31E272-A576-470F-9985-B9B2029FCC41}"
EndProject
Project("{9A19103F-16F7-4668-BE54-9A1E7A4F7556}") = "NerdStore.Catalogo.Domain", "src\NerdStore.Catalogo.Domain\NerdStore.Catalogo.Domain.csproj", "{0AD03A2D-FD69-4452-9CA4-A97D42179342}"
EndProject
Project("{9A19103F-16F7-4668-BE54-9A1E7A4F7556}") = "NerdStore.Core", "src\NerdStore.Core\NerdStore.Core.csproj", "{9A7632EA-BB09-4C2D-BDEA-9C07002FBECE}"
EndProject
Project("{2150E333-8FDC-42A3-9474-1A3956D46DE8}") = "Tests", "Tests", "{2E1D5CB5-87A6-49EB-ACFA-428C0F0398A9}"
EndProject
Project("{FAE04EC0-301F-11D3-BF4B-00C04F79EFBC}") = "NerdStore.Catalogo.Domain.Tests", "tests\NerdStore.Catalogo.Domain.Tests\NerdStore.Catalogo.Domain.Tests.csproj", "{44820E53-A378-44ED-B906-BA0F71895158}"
EndProject
Global
	GlobalSection(SolutionConfigurationPlatforms) = preSolution
		Debug|Any CPU = Debug|Any CPU
		Release|Any CPU = Release|Any CPU
	EndGlobalSection
	GlobalSection(ProjectConfigurationPlatforms) = postSolution
		{0AD03A2D-FD69-4452-9CA4-A97D42179342}.Debug|Any CPU.ActiveCfg = Debug|Any CPU
		{0AD03A2D-FD69-4452-9CA4-A97D42179342}.Debug|Any CPU.Build.0 = Debug|Any CPU
		{0AD03A2D-FD69-4452-9CA4-A97D42179342}.Release|Any CPU.ActiveCfg = Release|Any CPU
		{0AD03A2D-FD69-4452-9CA4-A97D42179342}.Release|Any CPU.Build.0 = Release|Any CPU
		{9A7632EA-BB09-4C2D-BDEA-9C07002FBECE}.Debug|Any CPU.ActiveCfg = Debug|Any CPU
		{9A7632EA-BB09-4C2D-BDEA-9C07002FBECE}.Debug|Any CPU.Build.0 = Debug|Any CPU
		{9A7632EA-BB09-4C2D-BDEA-9C07002FBECE}.Release|Any CPU.ActiveCfg = Release|Any CPU
		{9A7632EA-BB09-4C2D-BDEA-9C07002FBECE}.Release|Any CPU.Build.0 = Release|Any CPU
		{44820E53-A378-44ED-B906-BA0F71895158}.Debug|Any CPU.ActiveCfg = Debug|Any CPU
		{44820E53-A378-44ED-B906-BA0F71895158}.Debug|Any CPU.Build.0 = Debug|Any CPU
		{44820E53-A378-44ED-B906-BA0F71895158}.Release|Any CPU.ActiveCfg = Release|Any CPU
		{44820E53-A378-44ED-B906-BA0F71895158}.Release|Any CPU.Build.0 = Release|Any CPU
	EndGlobalSection
	GlobalSection(SolutionProperties) = preSolution
		HideSolutionNode = FALSE
	EndGlobalSection
	GlobalSection(NestedProjects) = preSolution
		{65BDC208-26B2-4492-8334-8C719846B006} = {DED27892-937A-4E50-BC40-1F9ABACBE88D}
		{2EB8B892-74B3-4805-B510-5667C88EBB5B} = {DED27892-937A-4E50-BC40-1F9ABACBE88D}
		{B7A63BCD-F1B3-4C5E-8CF2-582B2AC65685} = {DED27892-937A-4E50-BC40-1F9ABACBE88D}
		{0B4DB19E-6CB4-4C6F-A173-80818BE8E258} = {DED27892-937A-4E50-BC40-1F9ABACBE88D}
		{49AB8CEC-B1E5-4BF4-970A-63F07CD67A1F} = {DED27892-937A-4E50-BC40-1F9ABACBE88D}
		{EC31E272-A576-470F-9985-B9B2029FCC41} = {DED27892-937A-4E50-BC40-1F9ABACBE88D}
		{0AD03A2D-FD69-4452-9CA4-A97D42179342} = {2EB8B892-74B3-4805-B510-5667C88EBB5B}
		{9A7632EA-BB09-4C2D-BDEA-9C07002FBECE} = {B7A63BCD-F1B3-4C5E-8CF2-582B2AC65685}
		{2E1D5CB5-87A6-49EB-ACFA-428C0F0398A9} = {2EB8B892-74B3-4805-B510-5667C88EBB5B}
		{44820E53-A378-44ED-B906-BA0F71895158} = {2E1D5CB5-87A6-49EB-ACFA-428C0F0398A9}
	EndGlobalSection
	GlobalSection(ExtensibilityGlobals) = postSolution
		SolutionGuid = {0E870413-AA25-4F60-82EC-08D26CDBA81F}
	EndGlobalSection
EndGlobal
